
Microsoft Visual Studio Solution File, Format Version 12.00
# Visual Studio Version 16
VisualStudioVersion = 16.0.31205.134
MinimumVisualStudioVersion = 10.0.40219.1
Project("{FAE04EC0-301F-11D3-BF4B-00C04F79EFBC}") = "SalesWebMVC", "SalesWebMVC\SalesWebMVC.csproj", "{B7FD39CD-3CCC-4960-841D-D81F0C105650}"
EndProject
Global
	GlobalSection(SolutionConfigurationPlatforms) = preSolution
		Debug|Any CPU = Debug|Any CPU
		Release|Any CPU = Release|Any CPU
	EndGlobalSection
	GlobalSection(ProjectConfigurationPlatforms) = postSolution
		{B7FD39CD-3CCC-4960-841D-D81F0C105650}.Debug|Any CPU.ActiveCfg = Debug|Any CPU
		{B7FD39CD-3CCC-4960-841D-D81F0C105650}.Debug|Any CPU.Build.0 = Debug|Any CPU
		{B7FD39CD-3CCC-4960-841D-D81F0C105650}.Release|Any CPU.ActiveCfg = Release|Any CPU
		{B7FD39CD-3CCC-4960-841D-D81F0C105650}.Release|Any CPU.Build.0 = Release|Any CPU
	EndGlobalSection
	GlobalSection(SolutionProperties) = preSolution
		HideSolutionNode = FALSE
	EndGlobalSection
	GlobalSection(ExtensibilityGlobals) = postSolution
		SolutionGuid = {B8EE7626-A771-4A3F-9BBE-3095074CC6D1}
	EndGlobalSection
EndGlobal
